
Microsoft Visual Studio Solution File, Format Version 12.00
# Visual Studio Version 17
VisualStudioVersion = 17.12.35707.178
MinimumVisualStudioVersion = 10.0.40219.1
Project("{FAE04EC0-301F-11D3-BF4B-00C04F79EFBC}") = "Testing", "Day1\Testing.csproj", "{6F8505DE-F818-42D8-A301-6C268EDCB6FE}"
EndProject
Project("{FAE04EC0-301F-11D3-BF4B-00C04F79EFBC}") = "ScoreToGrade", "ScoreToGrade\ScoreToGrade.csproj", "{B5086F11-F271-4A27-B0CE-8796D683888C}"
EndProject
Project("{FAE04EC0-301F-11D3-BF4B-00C04F79EFBC}") = "NumberComparison", "NumberComparison\NumberComparison.csproj", "{D78497F8-6E01-4EAA-81C4-B05FC5EADA1A}"
EndProject
Project("{FAE04EC0-301F-11D3-BF4B-00C04F79EFBC}") = "ParityCheck", "ParityCheck\ParityCheck.csproj", "{957B40DB-12E8-43E4-A398-5B1C5B235D75}"
EndProject
Project("{FAE04EC0-301F-11D3-BF4B-00C04F79EFBC}") = "InterpolationAndTernary", "InterpolationAndTernary\InterpolationAndTernary.csproj", "{988D0C53-0AA2-4542-8A44-E20FD7A8DC14}"
EndProject
Project("{FAE04EC0-301F-11D3-BF4B-00C04F79EFBC}") = "Operators", "Operators\Operators.csproj", "{D4CAB910-AEDE-42F6-8EB7-39DDFB8DFBE3}"
EndProject
Project("{FAE04EC0-301F-11D3-BF4B-00C04F79EFBC}") = "Output", "Output\Output.csproj", "{B68C9588-16F7-4D09-86E7-C222918FA38F}"
EndProject
Global
	GlobalSection(SolutionConfigurationPlatforms) = preSolution
		Debug|Any CPU = Debug|Any CPU
		Release|Any CPU = Release|Any CPU
	EndGlobalSection
	GlobalSection(ProjectConfigurationPlatforms) = postSolution
		{6F8505DE-F818-42D8-A301-6C268EDCB6FE}.Debug|Any CPU.ActiveCfg = Debug|Any CPU
		{6F8505DE-F818-42D8-A301-6C268EDCB6FE}.Debug|Any CPU.Build.0 = Debug|Any CPU
		{6F8505DE-F818-42D8-A301-6C268EDCB6FE}.Release|Any CPU.ActiveCfg = Release|Any CPU
		{6F8505DE-F818-42D8-A301-6C268EDCB6FE}.Release|Any CPU.Build.0 = Release|Any CPU
		{B5086F11-F271-4A27-B0CE-8796D683888C}.Debug|Any CPU.ActiveCfg = Debug|Any CPU
		{B5086F11-F271-4A27-B0CE-8796D683888C}.Debug|Any CPU.Build.0 = Debug|Any CPU
		{B5086F11-F271-4A27-B0CE-8796D683888C}.Release|Any CPU.ActiveCfg = Release|Any CPU
		{B5086F11-F271-4A27-B0CE-8796D683888C}.Release|Any CPU.Build.0 = Release|Any CPU
		{D78497F8-6E01-4EAA-81C4-B05FC5EADA1A}.Debug|Any CPU.ActiveCfg = Debug|Any CPU
		{D78497F8-6E01-4EAA-81C4-B05FC5EADA1A}.Debug|Any CPU.Build.0 = Debug|Any CPU
		{D78497F8-6E01-4EAA-81C4-B05FC5EADA1A}.Release|Any CPU.ActiveCfg = Release|Any CPU
		{D78497F8-6E01-4EAA-81C4-B05FC5EADA1A}.Release|Any CPU.Build.0 = Release|Any CPU
		{957B40DB-12E8-43E4-A398-5B1C5B235D75}.Debug|Any CPU.ActiveCfg = Debug|Any CPU
		{957B40DB-12E8-43E4-A398-5B1C5B235D75}.Debug|Any CPU.Build.0 = Debug|Any CPU
		{957B40DB-12E8-43E4-A398-5B1C5B235D75}.Release|Any CPU.ActiveCfg = Release|Any CPU
		{957B40DB-12E8-43E4-A398-5B1C5B235D75}.Release|Any CPU.Build.0 = Release|Any CPU
		{988D0C53-0AA2-4542-8A44-E20FD7A8DC14}.Debug|Any CPU.ActiveCfg = Debug|Any CPU
		{988D0C53-0AA2-4542-8A44-E20FD7A8DC14}.Debug|Any CPU.Build.0 = Debug|Any CPU
		{988D0C53-0AA2-4542-8A44-E20FD7A8DC14}.Release|Any CPU.ActiveCfg = Release|Any CPU
		{988D0C53-0AA2-4542-8A44-E20FD7A8DC14}.Release|Any CPU.Build.0 = Release|Any CPU
		{D4CAB910-AEDE-42F6-8EB7-39DDFB8DFBE3}.Debug|Any CPU.ActiveCfg = Debug|Any CPU
		{D4CAB910-AEDE-42F6-8EB7-39DDFB8DFBE3}.Debug|Any CPU.Build.0 = Debug|Any CPU
		{D4CAB910-AEDE-42F6-8EB7-39DDFB8DFBE3}.Release|Any CPU.ActiveCfg = Release|Any CPU
		{D4CAB910-AEDE-42F6-8EB7-39DDFB8DFBE3}.Release|Any CPU.Build.0 = Release|Any CPU
		{B68C9588-16F7-4D09-86E7-C222918FA38F}.Debug|Any CPU.ActiveCfg = Debug|Any CPU
		{B68C9588-16F7-4D09-86E7-C222918FA38F}.Debug|Any CPU.Build.0 = Debug|Any CPU
		{B68C9588-16F7-4D09-86E7-C222918FA38F}.Release|Any CPU.ActiveCfg = Release|Any CPU
		{B68C9588-16F7-4D09-86E7-C222918FA38F}.Release|Any CPU.Build.0 = Release|Any CPU
	EndGlobalSection
	GlobalSection(SolutionProperties) = preSolution
		HideSolutionNode = FALSE
	EndGlobalSection
EndGlobal
